
Microsoft Visual Studio Solution File, Format Version 12.00
# Visual Studio Version 17
VisualStudioVersion = 17.14.36202.13
MinimumVisualStudioVersion = 10.0.40219.1
Project("{FAE04EC0-301F-11D3-BF4B-00C04F79EFBC}") = "ZSports.Api", "ZSports.Api\ZSports.Api.csproj", "{F46E6CD0-3B70-48EF-B612-02F8DEF0CD0A}"
EndProject
Project("{2150E333-8FDC-42A3-9474-1A3956D46DE8}") = "Servicios", "Servicios", "{D5E93650-2CEC-4C77-827F-993A12840DB2}"
EndProject
Project("{FAE04EC0-301F-11D3-BF4B-00C04F79EFBC}") = "ZSports.Contracts", "ZSports.Contracts\ZSports.Contracts.csproj", "{37D4A348-2E80-48B4-8FB8-F07A604BD59A}"
EndProject
Project("{FAE04EC0-301F-11D3-BF4B-00C04F79EFBC}") = "ZSports.Persistence", "ZSports.Persistence\ZSports.Persistence.csproj", "{B9060639-E4C7-4FF4-96A2-B3BB8A29C8A1}"
EndProject
Project("{FAE04EC0-301F-11D3-BF4B-00C04F79EFBC}") = "ZSports.Domain", "ZSports.Domain\ZSports.Domain.csproj", "{9659FB9E-0FAA-4B2E-8CCF-AEDDCA476815}"
EndProject
Project("{2150E333-8FDC-42A3-9474-1A3956D46DE8}") = "Establecimientos", "Establecimientos", "{02EA681E-C7D8-13C7-8484-4AC65E1B71E8}"
EndProject
Project("{FAE04EC0-301F-11D3-BF4B-00C04F79EFBC}") = "ZSports.Establecimientos.Domain", "Servicios\Establecimientos\ZSports.Establecimientos.Domain\ZSports.Establecimientos.Domain.csproj", "{617CEC26-4C7F-4E07-8EB1-0D43AAB36727}"
EndProject
Project("{FAE04EC0-301F-11D3-BF4B-00C04F79EFBC}") = "ZSports.Establecimientos.Domain.Tests", "Servicios\Establecimientos\ZSports.Establecimientos.Domain.Tests\ZSports.Establecimientos.Domain.Tests.csproj", "{80E51BFE-715D-427E-960E-EBAD88DCE72E}"
EndProject
Project("{FAE04EC0-301F-11D3-BF4B-00C04F79EFBC}") = "ZSports.Establecimientos.Contracts", "Servicios\Establecimientos\ZSports.Establecimientos.Contracts\ZSports.Establecimientos.Contracts.csproj", "{73CBF729-7AF8-4A7B-90DE-08AA57F43B7C}"
EndProject
Project("{FAE04EC0-301F-11D3-BF4B-00C04F79EFBC}") = "ZSports.Establecimientos.Persistence", "ZSports.Establecimientos.Persistence\ZSports.Establecimientos.Persistence.csproj", "{6835C761-E8F5-4DC5-9807-E755A8D40859}"
EndProject
Project("{FAE04EC0-301F-11D3-BF4B-00C04F79EFBC}") = "ZSports.Establecimientos.Persistence.Test", "Servicios\Establecimientos\ZSports.Establecimientos.Persistence.Test\ZSports.Establecimientos.Persistence.Test.csproj", "{AF9905EB-3B82-4F98-B08E-3C45B07EF23F}"
EndProject
Project("{FAE04EC0-301F-11D3-BF4B-00C04F79EFBC}") = "ZSports.Establecimientos.Application", "Servicios\Establecimientos\ZSports.Establecimientos.Application\ZSports.Establecimientos.Application.csproj", "{77BCBE5D-C08B-45BF-8605-ADF55671E95A}"
EndProject
Project("{2150E333-8FDC-42A3-9474-1A3956D46DE8}") = "Socios", "Socios", "{1604006B-F4CA-4F59-941E-ECA12458AE6A}"
EndProject
Project("{FAE04EC0-301F-11D3-BF4B-00C04F79EFBC}") = "ZSports.Socios.Domain", "ZSports.Socios.Domain\ZSports.Socios.Domain.csproj", "{80419FD3-F925-430D-B28F-317DBC350551}"
EndProject
Project("{FAE04EC0-301F-11D3-BF4B-00C04F79EFBC}") = "ZSports.Socios.Domain.Tests", "ZSports.Socios.Domain.Tests\ZSports.Socios.Domain.Tests.csproj", "{9D256649-6638-4B51-B729-E529F0B9EE1D}"
EndProject
Project("{FAE04EC0-301F-11D3-BF4B-00C04F79EFBC}") = "ZSports.Socios.Persistence", "ZSports.Socios.Persistence\ZSports.Socios.Persistence.csproj", "{1944152C-B9C8-43E8-B220-235EA1207C02}"
EndProject
Project("{FAE04EC0-301F-11D3-BF4B-00C04F79EFBC}") = "ZSports.Socios.Persistence.Tests", "ZSports.Socios.Persistence.Tests\ZSports.Socios.Persistence.Tests.csproj", "{C58E9773-3230-4FF0-ACB4-54BB2517D929}"
EndProject
Project("{FAE04EC0-301F-11D3-BF4B-00C04F79EFBC}") = "ZSports.Socios.Contracts", "ZSports.Socios.Contracts\ZSports.Socios.Contracts.csproj", "{E0A57D52-0492-4388-80F9-81FACB77058B}"
EndProject
Global
	GlobalSection(SolutionConfigurationPlatforms) = preSolution
		Debug|Any CPU = Debug|Any CPU
		Release|Any CPU = Release|Any CPU
	EndGlobalSection
	GlobalSection(ProjectConfigurationPlatforms) = postSolution
		{F46E6CD0-3B70-48EF-B612-02F8DEF0CD0A}.Debug|Any CPU.ActiveCfg = Debug|Any CPU
		{F46E6CD0-3B70-48EF-B612-02F8DEF0CD0A}.Debug|Any CPU.Build.0 = Debug|Any CPU
		{F46E6CD0-3B70-48EF-B612-02F8DEF0CD0A}.Release|Any CPU.ActiveCfg = Release|Any CPU
		{F46E6CD0-3B70-48EF-B612-02F8DEF0CD0A}.Release|Any CPU.Build.0 = Release|Any CPU
		{37D4A348-2E80-48B4-8FB8-F07A604BD59A}.Debug|Any CPU.ActiveCfg = Debug|Any CPU
		{37D4A348-2E80-48B4-8FB8-F07A604BD59A}.Debug|Any CPU.Build.0 = Debug|Any CPU
		{37D4A348-2E80-48B4-8FB8-F07A604BD59A}.Release|Any CPU.ActiveCfg = Release|Any CPU
		{37D4A348-2E80-48B4-8FB8-F07A604BD59A}.Release|Any CPU.Build.0 = Release|Any CPU
		{B9060639-E4C7-4FF4-96A2-B3BB8A29C8A1}.Debug|Any CPU.ActiveCfg = Debug|Any CPU
		{B9060639-E4C7-4FF4-96A2-B3BB8A29C8A1}.Debug|Any CPU.Build.0 = Debug|Any CPU
		{B9060639-E4C7-4FF4-96A2-B3BB8A29C8A1}.Release|Any CPU.ActiveCfg = Release|Any CPU
		{B9060639-E4C7-4FF4-96A2-B3BB8A29C8A1}.Release|Any CPU.Build.0 = Release|Any CPU
		{9659FB9E-0FAA-4B2E-8CCF-AEDDCA476815}.Debug|Any CPU.ActiveCfg = Debug|Any CPU
		{9659FB9E-0FAA-4B2E-8CCF-AEDDCA476815}.Debug|Any CPU.Build.0 = Debug|Any CPU
		{9659FB9E-0FAA-4B2E-8CCF-AEDDCA476815}.Release|Any CPU.ActiveCfg = Release|Any CPU
		{9659FB9E-0FAA-4B2E-8CCF-AEDDCA476815}.Release|Any CPU.Build.0 = Release|Any CPU
		{617CEC26-4C7F-4E07-8EB1-0D43AAB36727}.Debug|Any CPU.ActiveCfg = Debug|Any CPU
		{617CEC26-4C7F-4E07-8EB1-0D43AAB36727}.Debug|Any CPU.Build.0 = Debug|Any CPU
		{617CEC26-4C7F-4E07-8EB1-0D43AAB36727}.Release|Any CPU.ActiveCfg = Release|Any CPU
		{617CEC26-4C7F-4E07-8EB1-0D43AAB36727}.Release|Any CPU.Build.0 = Release|Any CPU
		{80E51BFE-715D-427E-960E-EBAD88DCE72E}.Debug|Any CPU.ActiveCfg = Debug|Any CPU
		{80E51BFE-715D-427E-960E-EBAD88DCE72E}.Debug|Any CPU.Build.0 = Debug|Any CPU
		{80E51BFE-715D-427E-960E-EBAD88DCE72E}.Release|Any CPU.ActiveCfg = Release|Any CPU
		{80E51BFE-715D-427E-960E-EBAD88DCE72E}.Release|Any CPU.Build.0 = Release|Any CPU
		{73CBF729-7AF8-4A7B-90DE-08AA57F43B7C}.Debug|Any CPU.ActiveCfg = Debug|Any CPU
		{73CBF729-7AF8-4A7B-90DE-08AA57F43B7C}.Debug|Any CPU.Build.0 = Debug|Any CPU
		{73CBF729-7AF8-4A7B-90DE-08AA57F43B7C}.Release|Any CPU.ActiveCfg = Release|Any CPU
		{73CBF729-7AF8-4A7B-90DE-08AA57F43B7C}.Release|Any CPU.Build.0 = Release|Any CPU
		{6835C761-E8F5-4DC5-9807-E755A8D40859}.Debug|Any CPU.ActiveCfg = Debug|Any CPU
		{6835C761-E8F5-4DC5-9807-E755A8D40859}.Debug|Any CPU.Build.0 = Debug|Any CPU
		{6835C761-E8F5-4DC5-9807-E755A8D40859}.Release|Any CPU.ActiveCfg = Release|Any CPU
		{6835C761-E8F5-4DC5-9807-E755A8D40859}.Release|Any CPU.Build.0 = Release|Any CPU
		{AF9905EB-3B82-4F98-B08E-3C45B07EF23F}.Debug|Any CPU.ActiveCfg = Debug|Any CPU
		{AF9905EB-3B82-4F98-B08E-3C45B07EF23F}.Debug|Any CPU.Build.0 = Debug|Any CPU
		{AF9905EB-3B82-4F98-B08E-3C45B07EF23F}.Release|Any CPU.ActiveCfg = Release|Any CPU
		{AF9905EB-3B82-4F98-B08E-3C45B07EF23F}.Release|Any CPU.Build.0 = Release|Any CPU
		{77BCBE5D-C08B-45BF-8605-ADF55671E95A}.Debug|Any CPU.ActiveCfg = Debug|Any CPU
		{77BCBE5D-C08B-45BF-8605-ADF55671E95A}.Debug|Any CPU.Build.0 = Debug|Any CPU
		{77BCBE5D-C08B-45BF-8605-ADF55671E95A}.Release|Any CPU.ActiveCfg = Release|Any CPU
		{77BCBE5D-C08B-45BF-8605-ADF55671E95A}.Release|Any CPU.Build.0 = Release|Any CPU
		{80419FD3-F925-430D-B28F-317DBC350551}.Debug|Any CPU.ActiveCfg = Debug|Any CPU
		{80419FD3-F925-430D-B28F-317DBC350551}.Debug|Any CPU.Build.0 = Debug|Any CPU
		{80419FD3-F925-430D-B28F-317DBC350551}.Release|Any CPU.ActiveCfg = Release|Any CPU
		{80419FD3-F925-430D-B28F-317DBC350551}.Release|Any CPU.Build.0 = Release|Any CPU
		{9D256649-6638-4B51-B729-E529F0B9EE1D}.Debug|Any CPU.ActiveCfg = Debug|Any CPU
		{9D256649-6638-4B51-B729-E529F0B9EE1D}.Debug|Any CPU.Build.0 = Debug|Any CPU
		{9D256649-6638-4B51-B729-E529F0B9EE1D}.Release|Any CPU.ActiveCfg = Release|Any CPU
		{9D256649-6638-4B51-B729-E529F0B9EE1D}.Release|Any CPU.Build.0 = Release|Any CPU
		{1944152C-B9C8-43E8-B220-235EA1207C02}.Debug|Any CPU.ActiveCfg = Debug|Any CPU
		{1944152C-B9C8-43E8-B220-235EA1207C02}.Debug|Any CPU.Build.0 = Debug|Any CPU
		{1944152C-B9C8-43E8-B220-235EA1207C02}.Release|Any CPU.ActiveCfg = Release|Any CPU
		{1944152C-B9C8-43E8-B220-235EA1207C02}.Release|Any CPU.Build.0 = Release|Any CPU
		{C58E9773-3230-4FF0-ACB4-54BB2517D929}.Debug|Any CPU.ActiveCfg = Debug|Any CPU
		{C58E9773-3230-4FF0-ACB4-54BB2517D929}.Debug|Any CPU.Build.0 = Debug|Any CPU
		{C58E9773-3230-4FF0-ACB4-54BB2517D929}.Release|Any CPU.ActiveCfg = Release|Any CPU
		{C58E9773-3230-4FF0-ACB4-54BB2517D929}.Release|Any CPU.Build.0 = Release|Any CPU
		{E0A57D52-0492-4388-80F9-81FACB77058B}.Debug|Any CPU.ActiveCfg = Debug|Any CPU
		{E0A57D52-0492-4388-80F9-81FACB77058B}.Debug|Any CPU.Build.0 = Debug|Any CPU
		{E0A57D52-0492-4388-80F9-81FACB77058B}.Release|Any CPU.ActiveCfg = Release|Any CPU
		{E0A57D52-0492-4388-80F9-81FACB77058B}.Release|Any CPU.Build.0 = Release|Any CPU
	EndGlobalSection
	GlobalSection(SolutionProperties) = preSolution
		HideSolutionNode = FALSE
	EndGlobalSection
	GlobalSection(NestedProjects) = preSolution
		{02EA681E-C7D8-13C7-8484-4AC65E1B71E8} = {D5E93650-2CEC-4C77-827F-993A12840DB2}
		{617CEC26-4C7F-4E07-8EB1-0D43AAB36727} = {02EA681E-C7D8-13C7-8484-4AC65E1B71E8}
		{80E51BFE-715D-427E-960E-EBAD88DCE72E} = {02EA681E-C7D8-13C7-8484-4AC65E1B71E8}
		{73CBF729-7AF8-4A7B-90DE-08AA57F43B7C} = {02EA681E-C7D8-13C7-8484-4AC65E1B71E8}
		{6835C761-E8F5-4DC5-9807-E755A8D40859} = {02EA681E-C7D8-13C7-8484-4AC65E1B71E8}
		{AF9905EB-3B82-4F98-B08E-3C45B07EF23F} = {02EA681E-C7D8-13C7-8484-4AC65E1B71E8}
		{77BCBE5D-C08B-45BF-8605-ADF55671E95A} = {02EA681E-C7D8-13C7-8484-4AC65E1B71E8}
		{1604006B-F4CA-4F59-941E-ECA12458AE6A} = {D5E93650-2CEC-4C77-827F-993A12840DB2}
		{80419FD3-F925-430D-B28F-317DBC350551} = {1604006B-F4CA-4F59-941E-ECA12458AE6A}
		{9D256649-6638-4B51-B729-E529F0B9EE1D} = {1604006B-F4CA-4F59-941E-ECA12458AE6A}
		{1944152C-B9C8-43E8-B220-235EA1207C02} = {1604006B-F4CA-4F59-941E-ECA12458AE6A}
		{C58E9773-3230-4FF0-ACB4-54BB2517D929} = {1604006B-F4CA-4F59-941E-ECA12458AE6A}
		{E0A57D52-0492-4388-80F9-81FACB77058B} = {1604006B-F4CA-4F59-941E-ECA12458AE6A}
	EndGlobalSection
	GlobalSection(ExtensibilityGlobals) = postSolution
		SolutionGuid = {7724CADE-CB3A-4577-9430-CD71ECF372D1}
	EndGlobalSection
EndGlobal
